
Microsoft Visual Studio Solution File, Format Version 12.00
# Visual Studio Version 17
VisualStudioVersion = 17.1.32210.238
MinimumVisualStudioVersion = 10.0.40219.1
Project("{9A19103F-16F7-4668-BE54-9A1E7A4F7556}") = "DataLayer", "DataLayer\DataLayer.csproj", "{66D4E2E9-3DF3-47B8-A581-D797F72C49E5}"
EndProject
Project("{9A19103F-16F7-4668-BE54-9A1E7A4F7556}") = "BusinessLayer", "BusinessLayer\BusinessLayer.csproj", "{24CDE68C-E45F-4AFC-9E30-7B2045A0BA67}"
EndProject
Project("{9A19103F-16F7-4668-BE54-9A1E7A4F7556}") = "TestingLayer", "TestingLayer\TestingLayer.csproj", "{B558B48D-A143-40B9-A902-E93FD5D2EBE0}"
EndProject
Project("{9A19103F-16F7-4668-BE54-9A1E7A4F7556}") = "ServiceLayer", "ServiceLayer\ServiceLayer.csproj", "{AF11F4A1-BCCF-4CD4-AEF8-4DCCABD1E878}"
EndProject
Project("{9A19103F-16F7-4668-BE54-9A1E7A4F7556}") = "PresentationLayer", "Presentation Layer\PresentationLayer.csproj", "{4C8C24D5-E6F4-4DAA-AEB8-1A922B5BE306}"
EndProject
Global
	GlobalSection(SolutionConfigurationPlatforms) = preSolution
		Debug|Any CPU = Debug|Any CPU
		Release|Any CPU = Release|Any CPU
	EndGlobalSection
	GlobalSection(ProjectConfigurationPlatforms) = postSolution
		{66D4E2E9-3DF3-47B8-A581-D797F72C49E5}.Debug|Any CPU.ActiveCfg = Debug|Any CPU
		{66D4E2E9-3DF3-47B8-A581-D797F72C49E5}.Debug|Any CPU.Build.0 = Debug|Any CPU
		{66D4E2E9-3DF3-47B8-A581-D797F72C49E5}.Release|Any CPU.ActiveCfg = Release|Any CPU
		{66D4E2E9-3DF3-47B8-A581-D797F72C49E5}.Release|Any CPU.Build.0 = Release|Any CPU
		{24CDE68C-E45F-4AFC-9E30-7B2045A0BA67}.Debug|Any CPU.ActiveCfg = Debug|Any CPU
		{24CDE68C-E45F-4AFC-9E30-7B2045A0BA67}.Debug|Any CPU.Build.0 = Debug|Any CPU
		{24CDE68C-E45F-4AFC-9E30-7B2045A0BA67}.Release|Any CPU.ActiveCfg = Release|Any CPU
		{24CDE68C-E45F-4AFC-9E30-7B2045A0BA67}.Release|Any CPU.Build.0 = Release|Any CPU
		{B558B48D-A143-40B9-A902-E93FD5D2EBE0}.Debug|Any CPU.ActiveCfg = Debug|Any CPU
		{B558B48D-A143-40B9-A902-E93FD5D2EBE0}.Debug|Any CPU.Build.0 = Debug|Any CPU
		{B558B48D-A143-40B9-A902-E93FD5D2EBE0}.Release|Any CPU.ActiveCfg = Release|Any CPU
		{B558B48D-A143-40B9-A902-E93FD5D2EBE0}.Release|Any CPU.Build.0 = Release|Any CPU
		{AF11F4A1-BCCF-4CD4-AEF8-4DCCABD1E878}.Debug|Any CPU.ActiveCfg = Debug|Any CPU
		{AF11F4A1-BCCF-4CD4-AEF8-4DCCABD1E878}.Debug|Any CPU.Build.0 = Debug|Any CPU
		{AF11F4A1-BCCF-4CD4-AEF8-4DCCABD1E878}.Release|Any CPU.ActiveCfg = Release|Any CPU
		{AF11F4A1-BCCF-4CD4-AEF8-4DCCABD1E878}.Release|Any CPU.Build.0 = Release|Any CPU
		{4C8C24D5-E6F4-4DAA-AEB8-1A922B5BE306}.Debug|Any CPU.ActiveCfg = Debug|Any CPU
		{4C8C24D5-E6F4-4DAA-AEB8-1A922B5BE306}.Debug|Any CPU.Build.0 = Debug|Any CPU
		{4C8C24D5-E6F4-4DAA-AEB8-1A922B5BE306}.Release|Any CPU.ActiveCfg = Release|Any CPU
		{4C8C24D5-E6F4-4DAA-AEB8-1A922B5BE306}.Release|Any CPU.Build.0 = Release|Any CPU
	EndGlobalSection
	GlobalSection(SolutionProperties) = preSolution
		HideSolutionNode = FALSE
	EndGlobalSection
	GlobalSection(ExtensibilityGlobals) = postSolution
		SolutionGuid = {AF3225CE-688D-4BD5-8B93-723083341181}
	EndGlobalSection
EndGlobal
