
Microsoft Visual Studio Solution File, Format Version 12.00
# Visual Studio Version 16
VisualStudioVersion = 16.0.32106.194
MinimumVisualStudioVersion = 10.0.40219.1
Project("{9A19103F-16F7-4668-BE54-9A1E7A4F7556}") = "DataLayer", "DataLayer\DataLayer.csproj", "{66D4E2E9-3DF3-47B8-A581-D797F72C49E5}"
EndProject
Project("{FAE04EC0-301F-11D3-BF4B-00C04F79EFBC}") = "BusinessLayer", "BusinessLayer\BusinessLayer.csproj", "{24CDE68C-E45F-4AFC-9E30-7B2045A0BA67}"
EndProject
Global
	GlobalSection(SolutionConfigurationPlatforms) = preSolution
		Debug|Any CPU = Debug|Any CPU
		Release|Any CPU = Release|Any CPU
	EndGlobalSection
	GlobalSection(ProjectConfigurationPlatforms) = postSolution
		{66D4E2E9-3DF3-47B8-A581-D797F72C49E5}.Debug|Any CPU.ActiveCfg = Debug|Any CPU
		{66D4E2E9-3DF3-47B8-A581-D797F72C49E5}.Debug|Any CPU.Build.0 = Debug|Any CPU
		{66D4E2E9-3DF3-47B8-A581-D797F72C49E5}.Release|Any CPU.ActiveCfg = Release|Any CPU
		{66D4E2E9-3DF3-47B8-A581-D797F72C49E5}.Release|Any CPU.Build.0 = Release|Any CPU
		{24CDE68C-E45F-4AFC-9E30-7B2045A0BA67}.Debug|Any CPU.ActiveCfg = Debug|Any CPU
		{24CDE68C-E45F-4AFC-9E30-7B2045A0BA67}.Debug|Any CPU.Build.0 = Debug|Any CPU
		{24CDE68C-E45F-4AFC-9E30-7B2045A0BA67}.Release|Any CPU.ActiveCfg = Release|Any CPU
		{24CDE68C-E45F-4AFC-9E30-7B2045A0BA67}.Release|Any CPU.Build.0 = Release|Any CPU
	EndGlobalSection
	GlobalSection(SolutionProperties) = preSolution
		HideSolutionNode = FALSE
	EndGlobalSection
	GlobalSection(ExtensibilityGlobals) = postSolution
		SolutionGuid = {AF3225CE-688D-4BD5-8B93-723083341181}
	EndGlobalSection
EndGlobal
